
Microsoft Visual Studio Solution File, Format Version 12.00
# Visual Studio Version 17
VisualStudioVersion = 17.9.34728.123
MinimumVisualStudioVersion = 10.0.40219.1
Project("{FAE04EC0-301F-11D3-BF4B-00C04F79EFBC}") = "Lista 4 C#", "Lista 4 C#\Lista 4 C#.csproj", "{25479A69-D0E0-4827-A0F0-745E25821425}"
EndProject
Global
	GlobalSection(SolutionConfigurationPlatforms) = preSolution
		Debug|Any CPU = Debug|Any CPU
		Release|Any CPU = Release|Any CPU
	EndGlobalSection
	GlobalSection(ProjectConfigurationPlatforms) = postSolution
		{25479A69-D0E0-4827-A0F0-745E25821425}.Debug|Any CPU.ActiveCfg = Debug|Any CPU
		{25479A69-D0E0-4827-A0F0-745E25821425}.Debug|Any CPU.Build.0 = Debug|Any CPU
		{25479A69-D0E0-4827-A0F0-745E25821425}.Release|Any CPU.ActiveCfg = Release|Any CPU
		{25479A69-D0E0-4827-A0F0-745E25821425}.Release|Any CPU.Build.0 = Release|Any CPU
	EndGlobalSection
	GlobalSection(SolutionProperties) = preSolution
		HideSolutionNode = FALSE
	EndGlobalSection
	GlobalSection(ExtensibilityGlobals) = postSolution
		SolutionGuid = {F5784BED-6730-40C1-B360-7F14CD8209A7}
	EndGlobalSection
EndGlobal
